
Microsoft Visual Studio Solution File, Format Version 12.00
# Visual Studio Version 16
VisualStudioVersion = 16.0.30309.148
MinimumVisualStudioVersion = 10.0.40219.1
Project("{FAE04EC0-301F-11D3-BF4B-00C04F79EFBC}") = "13-08-2020 do oefeningen (2darray)", "13-08-2020 do oefeningen (2darray)\13-08-2020 do oefeningen (2darray).csproj", "{E230B040-3E8E-4E76-93CA-E582286B7486}"
EndProject
Global
	GlobalSection(SolutionConfigurationPlatforms) = preSolution
		Debug|Any CPU = Debug|Any CPU
		Release|Any CPU = Release|Any CPU
	EndGlobalSection
	GlobalSection(ProjectConfigurationPlatforms) = postSolution
		{E230B040-3E8E-4E76-93CA-E582286B7486}.Debug|Any CPU.ActiveCfg = Debug|Any CPU
		{E230B040-3E8E-4E76-93CA-E582286B7486}.Debug|Any CPU.Build.0 = Debug|Any CPU
		{E230B040-3E8E-4E76-93CA-E582286B7486}.Release|Any CPU.ActiveCfg = Release|Any CPU
		{E230B040-3E8E-4E76-93CA-E582286B7486}.Release|Any CPU.Build.0 = Release|Any CPU
	EndGlobalSection
	GlobalSection(SolutionProperties) = preSolution
		HideSolutionNode = FALSE
	EndGlobalSection
	GlobalSection(ExtensibilityGlobals) = postSolution
		SolutionGuid = {E5A39FC4-AA06-4DC2-9367-5C6BDA5EDA68}
	EndGlobalSection
EndGlobal
